
Microsoft Visual Studio Solution File, Format Version 12.00
Project("{2150E333-8FDC-42A3-9474-1A3956D46DE8}") = "src", "src", "{1ABB6949-56FD-4D75-8727-2137A20664AA}"
EndProject
Project("{2150E333-8FDC-42A3-9474-1A3956D46DE8}") = "tests", "tests", "{62D5B635-CBD7-404A-AA59-FF2480665954}"
EndProject
Project("{FAE04EC0-301F-11D3-BF4B-00C04F79EFBC}") = "MyCalculator.Api", "MyCalculator.Api\MyCalculator.Api.csproj", "{EB923AD0-7964-4E9F-A484-03A71B192B0B}"
EndProject
Project("{FAE04EC0-301F-11D3-BF4B-00C04F79EFBC}") = "MyCalculator.Domain", "MyCalculator.Domain\MyCalculator.Domain.csproj", "{4B87182B-0E55-4DBA-8F78-AAB82A8AE4F1}"
EndProject
Project("{FAE04EC0-301F-11D3-BF4B-00C04F79EFBC}") = "MyCalculator.Application", "MyCalculator.Application\MyCalculator.Application.csproj", "{8A131111-F61B-437D-929F-8FAA9580C65A}"
EndProject
Project("{FAE04EC0-301F-11D3-BF4B-00C04F79EFBC}") = "MyCalculator.Infrastructure", "MyCalculator.Infrastructure\MyCalculator.Infrastructure.csproj", "{F675430F-3725-4951-9D87-C733A95BBF45}"
EndProject
Project("{FAE04EC0-301F-11D3-BF4B-00C04F79EFBC}") = "MyCalculator.UnitTests", "MyCalculator.UnitTests\MyCalculator.UnitTests.csproj", "{C2A585C7-D4C7-467B-96BF-93B96DA258D6}"
EndProject
Project("{FAE04EC0-301F-11D3-BF4B-00C04F79EFBC}") = "MyCalculator.IntegrationTests", "MyCalculator.IntegrationTests\MyCalculator.IntegrationTests.csproj", "{CEBFA799-AB83-4AFB-ABEB-771D8E0EAD0F}"
EndProject
Global
	GlobalSection(SolutionConfigurationPlatforms) = preSolution
		Debug|Any CPU = Debug|Any CPU
		Release|Any CPU = Release|Any CPU
	EndGlobalSection
	GlobalSection(NestedProjects) = preSolution
		{EB923AD0-7964-4E9F-A484-03A71B192B0B} = {1ABB6949-56FD-4D75-8727-2137A20664AA}
		{4B87182B-0E55-4DBA-8F78-AAB82A8AE4F1} = {1ABB6949-56FD-4D75-8727-2137A20664AA}
		{8A131111-F61B-437D-929F-8FAA9580C65A} = {1ABB6949-56FD-4D75-8727-2137A20664AA}
		{F675430F-3725-4951-9D87-C733A95BBF45} = {1ABB6949-56FD-4D75-8727-2137A20664AA}
		{C2A585C7-D4C7-467B-96BF-93B96DA258D6} = {62D5B635-CBD7-404A-AA59-FF2480665954}
		{CEBFA799-AB83-4AFB-ABEB-771D8E0EAD0F} = {62D5B635-CBD7-404A-AA59-FF2480665954}
	EndGlobalSection
	GlobalSection(ProjectConfigurationPlatforms) = postSolution
		{EB923AD0-7964-4E9F-A484-03A71B192B0B}.Debug|Any CPU.ActiveCfg = Debug|Any CPU
		{EB923AD0-7964-4E9F-A484-03A71B192B0B}.Debug|Any CPU.Build.0 = Debug|Any CPU
		{EB923AD0-7964-4E9F-A484-03A71B192B0B}.Release|Any CPU.ActiveCfg = Release|Any CPU
		{EB923AD0-7964-4E9F-A484-03A71B192B0B}.Release|Any CPU.Build.0 = Release|Any CPU
		{4B87182B-0E55-4DBA-8F78-AAB82A8AE4F1}.Debug|Any CPU.ActiveCfg = Debug|Any CPU
		{4B87182B-0E55-4DBA-8F78-AAB82A8AE4F1}.Debug|Any CPU.Build.0 = Debug|Any CPU
		{4B87182B-0E55-4DBA-8F78-AAB82A8AE4F1}.Release|Any CPU.ActiveCfg = Release|Any CPU
		{4B87182B-0E55-4DBA-8F78-AAB82A8AE4F1}.Release|Any CPU.Build.0 = Release|Any CPU
		{8A131111-F61B-437D-929F-8FAA9580C65A}.Debug|Any CPU.ActiveCfg = Debug|Any CPU
		{8A131111-F61B-437D-929F-8FAA9580C65A}.Debug|Any CPU.Build.0 = Debug|Any CPU
		{8A131111-F61B-437D-929F-8FAA9580C65A}.Release|Any CPU.ActiveCfg = Release|Any CPU
		{8A131111-F61B-437D-929F-8FAA9580C65A}.Release|Any CPU.Build.0 = Release|Any CPU
		{F675430F-3725-4951-9D87-C733A95BBF45}.Debug|Any CPU.ActiveCfg = Debug|Any CPU
		{F675430F-3725-4951-9D87-C733A95BBF45}.Debug|Any CPU.Build.0 = Debug|Any CPU
		{F675430F-3725-4951-9D87-C733A95BBF45}.Release|Any CPU.ActiveCfg = Release|Any CPU
		{F675430F-3725-4951-9D87-C733A95BBF45}.Release|Any CPU.Build.0 = Release|Any CPU
		{C2A585C7-D4C7-467B-96BF-93B96DA258D6}.Debug|Any CPU.ActiveCfg = Debug|Any CPU
		{C2A585C7-D4C7-467B-96BF-93B96DA258D6}.Debug|Any CPU.Build.0 = Debug|Any CPU
		{C2A585C7-D4C7-467B-96BF-93B96DA258D6}.Release|Any CPU.ActiveCfg = Release|Any CPU
		{C2A585C7-D4C7-467B-96BF-93B96DA258D6}.Release|Any CPU.Build.0 = Release|Any CPU
		{CEBFA799-AB83-4AFB-ABEB-771D8E0EAD0F}.Debug|Any CPU.ActiveCfg = Debug|Any CPU
		{CEBFA799-AB83-4AFB-ABEB-771D8E0EAD0F}.Debug|Any CPU.Build.0 = Debug|Any CPU
		{CEBFA799-AB83-4AFB-ABEB-771D8E0EAD0F}.Release|Any CPU.ActiveCfg = Release|Any CPU
		{CEBFA799-AB83-4AFB-ABEB-771D8E0EAD0F}.Release|Any CPU.Build.0 = Release|Any CPU
	EndGlobalSection
EndGlobal
